
Microsoft Visual Studio Solution File, Format Version 12.00
# Visual Studio Version 16
VisualStudioVersion = 16.0.30011.22
MinimumVisualStudioVersion = 10.0.40219.1
Project("{FAE04EC0-301F-11D3-BF4B-00C04F79EFBC}") = "IconControl", "IconControl\IconControl.csproj", "{5F34661C-4F88-417A-AF84-F9B5FBF4DFAA}"
EndProject
Project("{FAE04EC0-301F-11D3-BF4B-00C04F79EFBC}") = "IconControl.Droid", "IconControl.Droid\IconControl.Droid.csproj", "{47871ED4-A784-458D-9E45-4E28989550BB}"
EndProject
Project("{FAE04EC0-301F-11D3-BF4B-00C04F79EFBC}") = "IconControl.iOS", "IconControl.iOS\IconControl.iOS.csproj", "{0E631A0B-591B-4AF7-8331-8DBA54FB08A3}"
EndProject
Global
	GlobalSection(SolutionConfigurationPlatforms) = preSolution
		Debug|Any CPU = Debug|Any CPU
		Debug|ARM = Debug|ARM
		Debug|iPhone = Debug|iPhone
		Debug|iPhoneSimulator = Debug|iPhoneSimulator
		Debug|x64 = Debug|x64
		Debug|x86 = Debug|x86
		Release|Any CPU = Release|Any CPU
		Release|ARM = Release|ARM
		Release|iPhone = Release|iPhone
		Release|iPhoneSimulator = Release|iPhoneSimulator
		Release|x64 = Release|x64
		Release|x86 = Release|x86
	EndGlobalSection
	GlobalSection(ProjectConfigurationPlatforms) = postSolution
		{5F34661C-4F88-417A-AF84-F9B5FBF4DFAA}.Debug|Any CPU.ActiveCfg = Debug|Any CPU
		{5F34661C-4F88-417A-AF84-F9B5FBF4DFAA}.Debug|Any CPU.Build.0 = Debug|Any CPU
		{5F34661C-4F88-417A-AF84-F9B5FBF4DFAA}.Debug|ARM.ActiveCfg = Debug|Any CPU
		{5F34661C-4F88-417A-AF84-F9B5FBF4DFAA}.Debug|ARM.Build.0 = Debug|Any CPU
		{5F34661C-4F88-417A-AF84-F9B5FBF4DFAA}.Debug|iPhone.ActiveCfg = Debug|Any CPU
		{5F34661C-4F88-417A-AF84-F9B5FBF4DFAA}.Debug|iPhone.Build.0 = Debug|Any CPU
		{5F34661C-4F88-417A-AF84-F9B5FBF4DFAA}.Debug|iPhoneSimulator.ActiveCfg = Debug|Any CPU
		{5F34661C-4F88-417A-AF84-F9B5FBF4DFAA}.Debug|iPhoneSimulator.Build.0 = Debug|Any CPU
		{5F34661C-4F88-417A-AF84-F9B5FBF4DFAA}.Debug|x64.ActiveCfg = Debug|Any CPU
		{5F34661C-4F88-417A-AF84-F9B5FBF4DFAA}.Debug|x64.Build.0 = Debug|Any CPU
		{5F34661C-4F88-417A-AF84-F9B5FBF4DFAA}.Debug|x86.ActiveCfg = Debug|Any CPU
		{5F34661C-4F88-417A-AF84-F9B5FBF4DFAA}.Debug|x86.Build.0 = Debug|Any CPU
		{5F34661C-4F88-417A-AF84-F9B5FBF4DFAA}.Release|Any CPU.ActiveCfg = Release|Any CPU
		{5F34661C-4F88-417A-AF84-F9B5FBF4DFAA}.Release|Any CPU.Build.0 = Release|Any CPU
		{5F34661C-4F88-417A-AF84-F9B5FBF4DFAA}.Release|ARM.ActiveCfg = Release|Any CPU
		{5F34661C-4F88-417A-AF84-F9B5FBF4DFAA}.Release|ARM.Build.0 = Release|Any CPU
		{5F34661C-4F88-417A-AF84-F9B5FBF4DFAA}.Release|iPhone.ActiveCfg = Release|Any CPU
		{5F34661C-4F88-417A-AF84-F9B5FBF4DFAA}.Release|iPhone.Build.0 = Release|Any CPU
		{5F34661C-4F88-417A-AF84-F9B5FBF4DFAA}.Release|iPhoneSimulator.ActiveCfg = Release|Any CPU
		{5F34661C-4F88-417A-AF84-F9B5FBF4DFAA}.Release|iPhoneSimulator.Build.0 = Release|Any CPU
		{5F34661C-4F88-417A-AF84-F9B5FBF4DFAA}.Release|x64.ActiveCfg = Release|Any CPU
		{5F34661C-4F88-417A-AF84-F9B5FBF4DFAA}.Release|x64.Build.0 = Release|Any CPU
		{5F34661C-4F88-417A-AF84-F9B5FBF4DFAA}.Release|x86.ActiveCfg = Release|Any CPU
		{5F34661C-4F88-417A-AF84-F9B5FBF4DFAA}.Release|x86.Build.0 = Release|Any CPU
		{47871ED4-A784-458D-9E45-4E28989550BB}.Debug|Any CPU.ActiveCfg = Debug|Any CPU
		{47871ED4-A784-458D-9E45-4E28989550BB}.Debug|Any CPU.Build.0 = Debug|Any CPU
		{47871ED4-A784-458D-9E45-4E28989550BB}.Debug|Any CPU.Deploy.0 = Debug|Any CPU
		{47871ED4-A784-458D-9E45-4E28989550BB}.Debug|ARM.ActiveCfg = Debug|Any CPU
		{47871ED4-A784-458D-9E45-4E28989550BB}.Debug|ARM.Build.0 = Debug|Any CPU
		{47871ED4-A784-458D-9E45-4E28989550BB}.Debug|ARM.Deploy.0 = Debug|Any CPU
		{47871ED4-A784-458D-9E45-4E28989550BB}.Debug|iPhone.ActiveCfg = Debug|Any CPU
		{47871ED4-A784-458D-9E45-4E28989550BB}.Debug|iPhone.Build.0 = Debug|Any CPU
		{47871ED4-A784-458D-9E45-4E28989550BB}.Debug|iPhone.Deploy.0 = Debug|Any CPU
		{47871ED4-A784-458D-9E45-4E28989550BB}.Debug|iPhoneSimulator.ActiveCfg = Debug|Any CPU
		{47871ED4-A784-458D-9E45-4E28989550BB}.Debug|iPhoneSimulator.Build.0 = Debug|Any CPU
		{47871ED4-A784-458D-9E45-4E28989550BB}.Debug|iPhoneSimulator.Deploy.0 = Debug|Any CPU
		{47871ED4-A784-458D-9E45-4E28989550BB}.Debug|x64.ActiveCfg = Debug|Any CPU
		{47871ED4-A784-458D-9E45-4E28989550BB}.Debug|x64.Build.0 = Debug|Any CPU
		{47871ED4-A784-458D-9E45-4E28989550BB}.Debug|x64.Deploy.0 = Debug|Any CPU
		{47871ED4-A784-458D-9E45-4E28989550BB}.Debug|x86.ActiveCfg = Debug|Any CPU
		{47871ED4-A784-458D-9E45-4E28989550BB}.Debug|x86.Build.0 = Debug|Any CPU
		{47871ED4-A784-458D-9E45-4E28989550BB}.Debug|x86.Deploy.0 = Debug|Any CPU
		{47871ED4-A784-458D-9E45-4E28989550BB}.Release|Any CPU.ActiveCfg = Release|Any CPU
		{47871ED4-A784-458D-9E45-4E28989550BB}.Release|Any CPU.Build.0 = Release|Any CPU
		{47871ED4-A784-458D-9E45-4E28989550BB}.Release|Any CPU.Deploy.0 = Release|Any CPU
		{47871ED4-A784-458D-9E45-4E28989550BB}.Release|ARM.ActiveCfg = Release|Any CPU
		{47871ED4-A784-458D-9E45-4E28989550BB}.Release|ARM.Build.0 = Release|Any CPU
		{47871ED4-A784-458D-9E45-4E28989550BB}.Release|ARM.Deploy.0 = Release|Any CPU
		{47871ED4-A784-458D-9E45-4E28989550BB}.Release|iPhone.ActiveCfg = Release|Any CPU
		{47871ED4-A784-458D-9E45-4E28989550BB}.Release|iPhone.Build.0 = Release|Any CPU
		{47871ED4-A784-458D-9E45-4E28989550BB}.Release|iPhone.Deploy.0 = Release|Any CPU
		{47871ED4-A784-458D-9E45-4E28989550BB}.Release|iPhoneSimulator.ActiveCfg = Release|Any CPU
		{47871ED4-A784-458D-9E45-4E28989550BB}.Release|iPhoneSimulator.Build.0 = Release|Any CPU
		{47871ED4-A784-458D-9E45-4E28989550BB}.Release|iPhoneSimulator.Deploy.0 = Release|Any CPU
		{47871ED4-A784-458D-9E45-4E28989550BB}.Release|x64.ActiveCfg = Release|Any CPU
		{47871ED4-A784-458D-9E45-4E28989550BB}.Release|x64.Build.0 = Release|Any CPU
		{47871ED4-A784-458D-9E45-4E28989550BB}.Release|x64.Deploy.0 = Release|Any CPU
		{47871ED4-A784-458D-9E45-4E28989550BB}.Release|x86.ActiveCfg = Release|Any CPU
		{47871ED4-A784-458D-9E45-4E28989550BB}.Release|x86.Build.0 = Release|Any CPU
		{47871ED4-A784-458D-9E45-4E28989550BB}.Release|x86.Deploy.0 = Release|Any CPU
		{0E631A0B-591B-4AF7-8331-8DBA54FB08A3}.Debug|Any CPU.ActiveCfg = Debug|iPhone
		{0E631A0B-591B-4AF7-8331-8DBA54FB08A3}.Debug|ARM.ActiveCfg = Debug|iPhone
		{0E631A0B-591B-4AF7-8331-8DBA54FB08A3}.Debug|iPhone.ActiveCfg = Debug|iPhone
		{0E631A0B-591B-4AF7-8331-8DBA54FB08A3}.Debug|iPhone.Build.0 = Debug|iPhone
		{0E631A0B-591B-4AF7-8331-8DBA54FB08A3}.Debug|iPhoneSimulator.ActiveCfg = Debug|iPhoneSimulator
		{0E631A0B-591B-4AF7-8331-8DBA54FB08A3}.Debug|iPhoneSimulator.Build.0 = Debug|iPhoneSimulator
		{0E631A0B-591B-4AF7-8331-8DBA54FB08A3}.Debug|x64.ActiveCfg = Debug|iPhone
		{0E631A0B-591B-4AF7-8331-8DBA54FB08A3}.Debug|x86.ActiveCfg = Debug|iPhone
		{0E631A0B-591B-4AF7-8331-8DBA54FB08A3}.Release|Any CPU.ActiveCfg = Release|iPhone
		{0E631A0B-591B-4AF7-8331-8DBA54FB08A3}.Release|ARM.ActiveCfg = Release|iPhone
		{0E631A0B-591B-4AF7-8331-8DBA54FB08A3}.Release|iPhone.ActiveCfg = Release|iPhone
		{0E631A0B-591B-4AF7-8331-8DBA54FB08A3}.Release|iPhone.Build.0 = Release|iPhone
		{0E631A0B-591B-4AF7-8331-8DBA54FB08A3}.Release|iPhoneSimulator.ActiveCfg = Release|iPhoneSimulator
		{0E631A0B-591B-4AF7-8331-8DBA54FB08A3}.Release|iPhoneSimulator.Build.0 = Release|iPhoneSimulator
		{0E631A0B-591B-4AF7-8331-8DBA54FB08A3}.Release|x64.ActiveCfg = Release|iPhone
		{0E631A0B-591B-4AF7-8331-8DBA54FB08A3}.Release|x86.ActiveCfg = Release|iPhone
	EndGlobalSection
	GlobalSection(SolutionProperties) = preSolution
		HideSolutionNode = FALSE
	EndGlobalSection
	GlobalSection(ExtensibilityGlobals) = postSolution
		SolutionGuid = {187780F9-F701-4F21-9ACB-3724C860EDC8}
	EndGlobalSection
EndGlobal
